
Microsoft Visual Studio Solution File, Format Version 12.00
Project("{FAE04EC0-301F-11D3-BF4B-00C04F79EFBC}") = "SimplifiedVisuals", "SimplifiedVisuals.csproj", "{768469D8-D54E-4069-911D-5FA66661FAEA}"
EndProject
Global
	GlobalSection(SolutionConfigurationPlatforms) = preSolution
		Debug|Any CPU = Debug|Any CPU
		ExportDebug|Any CPU = ExportDebug|Any CPU
		ExportRelease|Any CPU = ExportRelease|Any CPU
	EndGlobalSection
	GlobalSection(ProjectConfigurationPlatforms) = postSolution
		{768469D8-D54E-4069-911D-5FA66661FAEA}.Debug|Any CPU.ActiveCfg = Debug|Any CPU
		{768469D8-D54E-4069-911D-5FA66661FAEA}.Debug|Any CPU.Build.0 = Debug|Any CPU
	EndGlobalSection
EndGlobal
